
Microsoft Visual Studio Solution File, Format Version 12.00
# Visual Studio Version 17
VisualStudioVersion = 17.12.35514.174
MinimumVisualStudioVersion = 10.0.40219.1
Project("{E53339B2-1760-4266-BCC7-CA923CBCF16C}") = "docker-compose", "docker-compose.dcproj", "{1ED7F134-BFE0-46A4-82BF-1FE0AAB018E3}"
EndProject
Project("{2150E333-8FDC-42A3-9474-1A3956D46DE8}") = "Solution Items", "Solution Items", "{B4E7B1BD-7E48-4849-B34B-3A05BE0BC666}"
	ProjectSection(SolutionItems) = preProject
		.env = .env
		docker-compose.override.yml = docker-compose.override.yml
		readme.md = readme.md
	EndProjectSection
EndProject
Project("{FAE04EC0-301F-11D3-BF4B-00C04F79EFBC}") = "CigarCertifierAPI", "CigarCertifierAPI\CigarCertifierAPI.csproj", "{32BEADC9-DB6C-453C-B230-2A62CF016704}"
EndProject
Project("{FAE04EC0-301F-11D3-BF4B-00C04F79EFBC}") = "CigarCertifierAPI.Tests", "..\CigarCertifierAPI.Tests\CigarCertifierAPI.Tests.csproj", "{F0066840-CD50-46F6-9838-1A16FE41375D}"
EndProject
Project("{E24C65DC-7377-472B-9ABA-BC803B73C61A}") = "cigar-certifier-app", "..\cigar-certifier-app\", "{7395744E-BB1C-435B-9E41-2CA9A4251A7E}"
	ProjectSection(WebsiteProperties) = preProject
		TargetFrameworkMoniker = ".NETFramework,Version%3Dv4.0"
		Debug.AspNetCompiler.VirtualPath = "/localhost_50697"
		Debug.AspNetCompiler.PhysicalPath = "..\cigar-certifier-app\"
		Debug.AspNetCompiler.TargetPath = "PrecompiledWeb\localhost_50697\"
		Debug.AspNetCompiler.Updateable = "true"
		Debug.AspNetCompiler.ForceOverwrite = "true"
		Debug.AspNetCompiler.FixedNames = "false"
		Debug.AspNetCompiler.Debug = "True"
		Release.AspNetCompiler.VirtualPath = "/localhost_50697"
		Release.AspNetCompiler.PhysicalPath = "..\cigar-certifier-app\"
		Release.AspNetCompiler.TargetPath = "PrecompiledWeb\localhost_50697\"
		Release.AspNetCompiler.Updateable = "true"
		Release.AspNetCompiler.ForceOverwrite = "true"
		Release.AspNetCompiler.FixedNames = "false"
		Release.AspNetCompiler.Debug = "False"
		VWDPort = "50697"
		SlnRelativePath = "..\cigar-certifier-app\"
	EndProjectSection
EndProject
Global
	GlobalSection(SolutionConfigurationPlatforms) = preSolution
		Debug|Any CPU = Debug|Any CPU
		Release|Any CPU = Release|Any CPU
	EndGlobalSection
	GlobalSection(ProjectConfigurationPlatforms) = postSolution
		{1ED7F134-BFE0-46A4-82BF-1FE0AAB018E3}.Debug|Any CPU.ActiveCfg = Debug|Any CPU
		{1ED7F134-BFE0-46A4-82BF-1FE0AAB018E3}.Debug|Any CPU.Build.0 = Debug|Any CPU
		{1ED7F134-BFE0-46A4-82BF-1FE0AAB018E3}.Release|Any CPU.ActiveCfg = Release|Any CPU
		{1ED7F134-BFE0-46A4-82BF-1FE0AAB018E3}.Release|Any CPU.Build.0 = Release|Any CPU
		{32BEADC9-DB6C-453C-B230-2A62CF016704}.Debug|Any CPU.ActiveCfg = Debug|Any CPU
		{32BEADC9-DB6C-453C-B230-2A62CF016704}.Debug|Any CPU.Build.0 = Debug|Any CPU
		{32BEADC9-DB6C-453C-B230-2A62CF016704}.Release|Any CPU.ActiveCfg = Release|Any CPU
		{32BEADC9-DB6C-453C-B230-2A62CF016704}.Release|Any CPU.Build.0 = Release|Any CPU
		{F0066840-CD50-46F6-9838-1A16FE41375D}.Debug|Any CPU.ActiveCfg = Debug|Any CPU
		{F0066840-CD50-46F6-9838-1A16FE41375D}.Debug|Any CPU.Build.0 = Debug|Any CPU
		{F0066840-CD50-46F6-9838-1A16FE41375D}.Release|Any CPU.ActiveCfg = Release|Any CPU
		{F0066840-CD50-46F6-9838-1A16FE41375D}.Release|Any CPU.Build.0 = Release|Any CPU
		{7395744E-BB1C-435B-9E41-2CA9A4251A7E}.Debug|Any CPU.ActiveCfg = Debug|Any CPU
		{7395744E-BB1C-435B-9E41-2CA9A4251A7E}.Debug|Any CPU.Build.0 = Debug|Any CPU
		{7395744E-BB1C-435B-9E41-2CA9A4251A7E}.Release|Any CPU.ActiveCfg = Debug|Any CPU
		{7395744E-BB1C-435B-9E41-2CA9A4251A7E}.Release|Any CPU.Build.0 = Debug|Any CPU
	EndGlobalSection
	GlobalSection(SolutionProperties) = preSolution
		HideSolutionNode = FALSE
	EndGlobalSection
EndGlobal
